# This file is generated by running "yarn install" inside your project.
# Manual changes might be lost - proceed with caution!

__metadata:
  version: 8
  cacheKey: 10c0

"@esbuild/aix-ppc64@npm:0.28.2":
  version: 0.28.2
  resolution: "@esbuild/aix-ppc64@npm:0.28.2"
  conditions: os=aix & cpu=ppc64
  languageName: node
  linkType: hard

"@esbuild/android-arm64@npm:0.28.2":
  version: 0.28.2
  resolution: "@esbuild/android-arm64@npm:0.28.2"
  conditions: os=android & cpu=arm64
  languageName: node
  linkType: hard

"@esbuild/android-arm@npm:0.28.2":
  version: 0.28.2
  resolution: "@esbuild/android-arm@npm:0.28.2"
  conditions: os=android & cpu=arm
  languageName: node
  linkType: hard

"@esbuild/android-x64@npm:0.28.2":
  version: 0.28.2
  resolution: "@esbuild/android-x64@npm:0.28.2"
  conditions: os=android & cpu=x64
  languageName: node
  linkType: hard

"@esbuild/darwin-arm64@npm:0.28.2":
  version: 0.28.2
  resolution: "@esbuild/darwin-arm64@npm:0.28.2"
  conditions: os=darwin & cpu=arm64
  languageName: node
  linkType: hard

"@esbuild/darwin-x64@npm:0.28.2":
  version: 0.28.2
  resolution: "@esbuild/darwin-x64@npm:0.28.2"
  conditions: os=darwin & cpu=x64
  languageName: node
  linkType: hard

"@esbuild/freebsd-arm64@npm:0.28.2":
  version: 0.28.2
  resolution: "@esbuild/freebsd-arm64@npm:0.28.2"
  conditions: os=freebsd & cpu=arm64
  languageName: node
  linkType: hard

"@esbuild/freebsd-x64@npm:0.28.2":
  version: 0.28.2
  resolution: "@esbuild/freebsd-x64@npm:0.28.2"
  conditions: os=freebsd & cpu=x64
  languageName: node
  linkType: hard

"@esbuild/linux-arm64@npm:0.28.2":
  version: 0.28.2
  resolution: "@esbuild/linux-arm64@npm:0.28.2"
  conditions: os=linux & cpu=arm64
  languageName: node
  linkType: hard

"@esbuild/linux-arm@npm:0.28.2":
  version: 0.28.2
  resolution: "@esbuild/linux-arm@npm:0.28.2"
  conditions: os=linux & cpu=arm
  languageName: node
  linkType: hard

"@esbuild/linux-ia32@npm:0.28.2":
  version: 0.28.2
  resolution: "@esbuild/linux-ia32@npm:0.28.2"
  conditions: os=linux & cpu=ia32
  languageName: node
  linkType: hard

"@esbuild/linux-loong64@npm:0.28.2":
  version: 0.28.2
  resolution: "@esbuild/linux-loong64@npm:0.28.2"
  conditions: os=linux & cpu=loong64
  languageName: node
  linkType: hard

"@esbuild/linux-mips64el@npm:0.28.2":
  version: 0.28.2
  resolution: "@esbuild/linux-mips64el@npm:0.28.2"
  conditions: os=linux & cpu=mips64el
  languageName: node
  linkType: hard

"@esbuild/linux-ppc64@npm:0.28.2":
  version: 0.28.2
  resolution: "@esbuild/linux-ppc64@npm:0.28.2"
  conditions: os=linux & cpu=ppc64
  languageName: node
  linkType: hard

"@esbuild/linux-riscv64@npm:0.28.2":
  version: 0.28.2
  resolution: "@esbuild/linux-riscv64@npm:0.28.2"
  conditions: os=linux & cpu=riscv64
  languageName: node
  linkType: hard

"@esbuild/linux-s390x@npm:0.28.2":
  version: 0.28.2
  resolution: "@esbuild/linux-s390x@npm:0.28.2"
  conditions: os=linux & cpu=s390x
  languageName: node
  linkType: hard

"@esbuild/linux-x64@npm:0.28.2":
  version: 0.28.2
  resolution: "@esbuild/linux-x64@npm:0.28.2"
  conditions: os=linux & cpu=x64
  languageName: node
  linkType: hard

"@esbuild/netbsd-arm64@npm:0.28.2":
  version: 0.28.2
  resolution: "@esbuild/netbsd-arm64@npm:0.28.2"
  conditions: os=netbsd & cpu=arm64
  languageName: node
  linkType: hard

"@esbuild/netbsd-x64@npm:0.28.2":
  version: 0.28.2
  resolution: "@esbuild/netbsd-x64@npm:0.28.2"
  conditions: os=netbsd & cpu=x64
  languageName: node
  linkType: hard

"@esbuild/openbsd-arm64@npm:0.28.2":
  version: 0.28.2
  resolution: "@esbuild/openbsd-arm64@npm:0.28.2"
  conditions: os=openbsd & cpu=arm64
  languageName: node
  linkType: hard

"@esbuild/openbsd-x64@npm:0.28.2":
  version: 0.28.2
  resolution: "@esbuild/openbsd-x64@npm:0.28.2"
  conditions: os=openbsd & cpu=x64
  languageName: node
  linkType: hard

"@esbuild/openharmony-arm64@npm:0.28.2":
  version: 0.28.2
  resolution: "@esbuild/openharmony-arm64@npm:0.28.2"
  conditions: os=openharmony & cpu=arm64
  languageName: node
  linkType: hard

"@esbuild/sunos-x64@npm:0.28.2":
  version: 0.28.2
  resolution: "@esbuild/sunos-x64@npm:0.28.2"
  conditions: os=sunos & cpu=x64
  languageName: node
  linkType: hard

"@esbuild/win32-arm64@npm:0.28.2":
  version: 0.28.2
  resolution: "@esbuild/win32-arm64@npm:0.28.2"
  conditions: os=win32 & cpu=arm64
  languageName: node
  linkType: hard

"@esbuild/win32-ia32@npm:0.28.2":
  version: 0.28.2
  resolution: "@esbuild/win32-ia32@npm:0.28.2"
  conditions: os=win32 & cpu=ia32
  languageName: node
  linkType: hard

"@esbuild/win32-x64@npm:0.28.2":
  version: 0.28.2
  resolution: "@esbuild/win32-x64@npm:0.28.2"
  conditions: os=win32 & cpu=x64
  languageName: node
  linkType: hard

"@gar/promise-retry@npm:^1.0.0":
  version: 1.0.3
  resolution: "@gar/promise-retry@npm:1.0.3"
  checksum: 10c0/885b02c8b0d75b2d215da25f3b639158c4fbe8fefe0d79163304534b9a6d0710db4b7699f7cd3cc1a730792bff04cbe19f4850a62d3e105a663eaeec88f38332
  languageName: node
  linkType: hard

"@gatling.io/cli@npm:3.16.1":
  version: 3.16.1
  resolution: "@gatling.io/cli@npm:3.16.1"
  dependencies:
    "@jspm/core": "npm:2.1.0"
    archiver: "npm:8.0.0"
    commander: "npm:15.0.0"
    esbuild: "npm:0.28.2"
    import-meta-resolve: "npm:4.2.0"
    make-fetch-happen: "npm:16.0.1"
    node-stream-zip: "npm:1.16.0"
    readline-sync: "npm:1.4.10"
  bin:
    gatling: target/index.js
  checksum: 10c0/8bb3df4f33c4c6d674fb6abfdbcc3de96321e4dd177f60450778c6cfe368587f09311b71b99ae1a4df141dd197678511c15236a7aac4b4845e4c1356bef4b552
  languageName: node
  linkType: hard

"@gatling.io/core@npm:3.16.1":
  version: 3.16.1
  resolution: "@gatling.io/core@npm:3.16.1"
  dependencies:
    "@gatling.io/jvm-types": "npm:3.16.1"
  checksum: 10c0/1dafcf516c29a8e18bcb71ff5cf9f8e3ca01be4d7a9a3adfe0b5d642e74ace9a0272e3074b236fef66f7ac183964bf90848addda7e3dd0b0fa4f35824b3718e7
  languageName: node
  linkType: hard

"@gatling.io/http@npm:3.16.1":
  version: 3.16.1
  resolution: "@gatling.io/http@npm:3.16.1"
  dependencies:
    "@gatling.io/core": "npm:3.16.1"
    "@gatling.io/jvm-types": "npm:3.16.1"
  checksum: 10c0/7fc494309d24817de0d7e3e314c6f539c9670e9a44b63c92829c715293a3890b70924fafbb45734427d68145fae85668045eb9b3edb49763091617f245fece2a
  languageName: node
  linkType: hard

"@gatling.io/jvm-types@npm:3.16.1":
  version: 3.16.1
  resolution: "@gatling.io/jvm-types@npm:3.16.1"
  checksum: 10c0/785632810491a6212fc70cff57ad77aff830808abb76a21dc19e9ad4dc0b59a9793770879fc10669a1e175f47b7866edc1a0fa1176f50334b700bcbc472a90a3
  languageName: node
  linkType: hard

"@jspm/core@npm:2.1.0":
  version: 2.1.0
  resolution: "@jspm/core@npm:2.1.0"
  checksum: 10c0/4e10f912b60f33d216a68f46351dd430f10a2024ce5b149ac93e4d19f85d0dbf0b929cbb90397ea0e8cef28f1723ea1f94c88b7c5d16ecf1f62e391ea072bc33
  languageName: node
  linkType: hard

"@npmcli/agent@npm:^5.0.0":
  version: 5.0.2
  resolution: "@npmcli/agent@npm:5.0.2"
  dependencies:
    agent-base: "npm:^9.0.0"
    http-proxy-agent: "npm:^9.0.0"
    https-proxy-agent: "npm:^9.0.0"
    lru-cache: "npm:^11.2.1"
    socks-proxy-agent: "npm:^10.0.0"
  checksum: 10c0/24ca018e70d8876afbd94d65e4c41b58b4ee71435fc86bdc8121da3bf846ad40af09a127f2e9c75bbce6a57db216cf7705e4a60f3e58d3f8f22b6a91c140859a
  languageName: node
  linkType: hard

"@npmcli/fs@npm:^6.0.0":
  version: 6.0.0
  resolution: "@npmcli/fs@npm:6.0.0"
  dependencies:
    semver: "npm:^7.3.5"
  checksum: 10c0/7a152ead2752a689c59f0fcf46f303bc422b6c8d1352e991c36c004b029c63e15d4778f1f54208e6a3be7854266deb902bfa23ef9b1387592d360af6c523e970
  languageName: node
  linkType: hard

"@npmcli/redact@npm:^5.0.0":
  version: 5.0.0
  resolution: "@npmcli/redact@npm:5.0.0"
  checksum: 10c0/083ae28844b4af8c1a090c793ad3d40e41bdd3d14c74b786405b4e2e89d772639d88be544843a8db27540e7614a4384c7aec37d534442c89ba5760b85107dff4
  languageName: node
  linkType: hard

"abort-controller@npm:^3.0.0":
  version: 3.0.0
  resolution: "abort-controller@npm:3.0.0"
  dependencies:
    event-target-shim: "npm:^5.0.0"
  checksum: 10c0/90ccc50f010250152509a344eb2e71977fbf8db0ab8f1061197e3275ddf6c61a41a6edfd7b9409c664513131dd96e962065415325ef23efa5db931b382d24ca5
  languageName: node
  linkType: hard

"agent-base@npm:9.0.0, agent-base@npm:^9.0.0":
  version: 9.0.0
  resolution: "agent-base@npm:9.0.0"
  checksum: 10c0/0274cd9a2a0ee78e3fbe0e80e7e0c41df27102466f7f7b3a67c045bb4c00fc517ce0496de3045b55f5eeec1a0e77d9d0a9b9320b0362bfe61e0c9e6d7ebaee76
  languageName: node
  linkType: hard

"archiver@npm:8.0.0":
  version: 8.0.0
  resolution: "archiver@npm:8.0.0"
  dependencies:
    async: "npm:^3.2.4"
    buffer-crc32: "npm:^1.0.0"
    is-stream: "npm:^4.0.0"
    lazystream: "npm:^1.0.0"
    normalize-path: "npm:^3.0.0"
    readable-stream: "npm:^4.0.0"
    readdir-glob: "npm:^3.0.0"
    tar-stream: "npm:^3.0.0"
    zip-stream: "npm:^7.0.2"
  checksum: 10c0/bcb12f3c8c0baac15ab0b3e92d2b6a249a09c59ffded8b259bdf5ff7ea547a75a93d79e614f99d8ba9d5f4a8ee43bbcedcd07117b1faef3369249fd8070efec8
  languageName: node
  linkType: hard

"async@npm:^3.2.4":
  version: 3.2.6
  resolution: "async@npm:3.2.6"
  checksum: 10c0/36484bb15ceddf07078688d95e27076379cc2f87b10c03b6dd8a83e89475a3c8df5848859dd06a4c95af1e4c16fc973de0171a77f18ea00be899aca2a4f85e70
  languageName: node
  linkType: hard

"b4a@npm:^1.6.4, b4a@npm:^1.8.1, b4a@npm:^1.9.0":
  version: 1.9.0
  resolution: "b4a@npm:1.9.0"
  peerDependencies:
    react-native-b4a: "*"
  peerDependenciesMeta:
    react-native-b4a:
      optional: true
  checksum: 10c0/6a337fd6d11dc2f110153a38ad9a981081fc28758605eb1c9f49ec9a9ffbe17a6cb96a9d8f440d1def04030ccd41152cde359d35e73ba944583af1687106b6b2
  languageName: node
  linkType: hard

"balanced-match@npm:^4.0.2":
  version: 4.0.4
  resolution: "balanced-match@npm:4.0.4"
  checksum: 10c0/07e86102a3eb2ee2a6a1a89164f29d0dbaebd28f2ca3f5ca786f36b8b23d9e417eb3be45a4acf754f837be5ac0a2317de90d3fcb7f4f4dc95720a1f36b26a17b
  languageName: node
  linkType: hard

"bare-events@npm:^2.5.4, bare-events@npm:^2.7.0":
  version: 2.9.2
  resolution: "bare-events@npm:2.9.2"
  peerDependencies:
    bare-abort-controller: "*"
  peerDependenciesMeta:
    bare-abort-controller:
      optional: true
  checksum: 10c0/1aff2704e69a0bde978d6e768ebc13e8c21f36bee436b82e98a15f614d2f3b15ed6c894ffa0cfee2ba31baac17ccf9ea6cbe2c48d112a2fc5f6e42ed84f9d31a
  languageName: node
  linkType: hard

"bare-fs@npm:^4.8.2":
  version: 4.8.2
  resolution: "bare-fs@npm:4.8.2"
  dependencies:
    bare-events: "npm:^2.5.4"
    bare-path: "npm:^3.0.0"
    bare-stream: "npm:^2.6.4"
    bare-url: "npm:^2.2.2"
    fast-fifo: "npm:^1.3.2"
  peerDependencies:
    bare-buffer: "*"
  peerDependenciesMeta:
    bare-buffer:
      optional: true
  checksum: 10c0/f42f17f6b3ed4698e053643fd87661f0515f20a76c3b20d2dac55a5bd9f5c10570d7fd2616528c3c674ca83f518573ec13cb26e51aa3f72234c6c470c0c13ecc
  languageName: node
  linkType: hard

"bare-path@npm:^3.0.0":
  version: 3.1.2
  resolution: "bare-path@npm:3.1.2"
  checksum: 10c0/85bbe4c53916219a51804f04728bd2c84dce8bbc3129ec47f736370b8ae43a86ab504301d911ff7668811ac3569456939e20b359d03497199d52be8d0aa7f500
  languageName: node
  linkType: hard

"bare-stream@npm:^2.6.4":
  version: 2.13.4
  resolution: "bare-stream@npm:2.13.4"
  dependencies:
    b4a: "npm:^1.8.1"
    streamx: "npm:^2.25.0"
    teex: "npm:^1.0.1"
  peerDependencies:
    bare-abort-controller: "*"
    bare-buffer: "*"
    bare-events: "*"
  peerDependenciesMeta:
    bare-abort-controller:
      optional: true
    bare-buffer:
      optional: true
    bare-events:
      optional: true
  checksum: 10c0/df8e4567cb6721b2e743762e82d4a15f0a1c28c0f0ace3b0fd1e9cc835ffee29880e624dcc0f3a32bcaa629d2a4edfad44dd15abbe514dae5511cb194df8f8d7
  languageName: node
  linkType: hard

"bare-url@npm:^2.2.2":
  version: 2.5.4
  resolution: "bare-url@npm:2.5.4"
  dependencies:
    bare-path: "npm:^3.0.0"
  checksum: 10c0/5da943bebd744c9e2f47b6c73b32b3f04d0fd0a10bb6c54016bbe13f017673765fddc7615b953b64951ffdc4ab7d0377c5db89ca47c908a2cf004309ef2ce047
  languageName: node
  linkType: hard

"base64-js@npm:^1.3.1":
  version: 1.5.1
  resolution: "base64-js@npm:1.5.1"
  checksum: 10c0/f23823513b63173a001030fae4f2dabe283b99a9d324ade3ad3d148e218134676f1ee8568c877cd79ec1c53158dcf2d2ba527a97c606618928ba99dd930102bf
  languageName: node
  linkType: hard

"brace-expansion@npm:^5.0.8":
  version: 5.0.12
  resolution: "brace-expansion@npm:5.0.12"
  dependencies:
    balanced-match: "npm:^4.0.2"
  checksum: 10c0/a40ac64d3bdb5bb222456514d3633c1f627f03b844f509c69e70f98b78be0ce85e21b44bbfecdd0ddd4cc0855ca4242b41ea96ddccf88c7c3c7a84405474bb3a
  languageName: node
  linkType: hard

"buffer-crc32@npm:^1.0.0":
  version: 1.0.0
  resolution: "buffer-crc32@npm:1.0.0"
  checksum: 10c0/8b86e161cee4bb48d5fa622cbae4c18f25e4857e5203b89e23de59e627ab26beb82d9d7999f2b8de02580165f61f83f997beaf02980cdf06affd175b651921ab
  languageName: node
  linkType: hard

"buffer@npm:^6.0.3":
  version: 6.0.3
  resolution: "buffer@npm:6.0.3"
  dependencies:
    base64-js: "npm:^1.3.1"
    ieee754: "npm:^1.2.1"
  checksum: 10c0/2a905fbbcde73cc5d8bd18d1caa23715d5f83a5935867c2329f0ac06104204ba7947be098fe1317fbd8830e26090ff8e764f08cd14fefc977bb248c3487bcbd0
  languageName: node
  linkType: hard

"cacache@npm:^21.0.0":
  version: 21.0.1
  resolution: "cacache@npm:21.0.1"
  dependencies:
    "@npmcli/fs": "npm:^6.0.0"
    fs-minipass: "npm:^3.0.0"
    glob: "npm:^13.0.0"
    lru-cache: "npm:^11.1.0"
    minipass: "npm:^7.0.3"
    minipass-collect: "npm:^2.0.1"
    minipass-flush: "npm:^1.0.5"
    minipass-pipeline: "npm:^1.2.4"
    p-map: "npm:^7.0.2"
    ssri: "npm:^14.0.0"
  checksum: 10c0/3e639e8fa1015f85ea38c04a4998fa23cd33005c4208ad190e8b246b312e440e26481c589aa7f78f49b784e8ed376e88271631e5b924c3ac5be48739cc38c752
  languageName: node
  linkType: hard

"commander@npm:15.0.0":
  version: 15.0.0
  resolution: "commander@npm:15.0.0"
  checksum: 10c0/539229c171914ea1ccd45ee5f10d924289a12a684ea3a7a44147abe54003c35ed6de9ae4ad198d88c29fdf403dca0428451a388234e6dc01b6faa978fb207206
  languageName: node
  linkType: hard

"compress-commons@npm:^7.0.0":
  version: 7.0.1
  resolution: "compress-commons@npm:7.0.1"
  dependencies:
    crc-32: "npm:^1.2.0"
    crc32-stream: "npm:^7.0.1"
    is-stream: "npm:^4.0.0"
    normalize-path: "npm:^3.0.0"
    readable-stream: "npm:^4.0.0"
  checksum: 10c0/9837b9971c7e536f14b113178e944741a0cb76051db2c84ff23da2b6321f2f6da8ed922d713bb643987d4cd39eeaa537c73d9d7843f9eb74f8fe47afe93d0733
  languageName: node
  linkType: hard

"content-type@npm:^2.1.0":
  version: 2.1.0
  resolution: "content-type@npm:2.1.0"
  checksum: 10c0/f5d420f55fd0c7a7f7cbae9637777ce67a074aa79b489d8d9fee8599089592b5f8bb194e1d6885741fee20271034baca0d68d5419535b52d070c4f7e39f4b448
  languageName: node
  linkType: hard

"core-util-is@npm:~1.0.0":
  version: 1.0.3
  resolution: "core-util-is@npm:1.0.3"
  checksum: 10c0/90a0e40abbddfd7618f8ccd63a74d88deea94e77d0e8dbbea059fa7ebebb8fbb4e2909667fe26f3a467073de1a542ebe6ae4c73a73745ac5833786759cd906c9
  languageName: node
  linkType: hard

"crc-32@npm:^1.2.0":
  version: 1.2.2
  resolution: "crc-32@npm:1.2.2"
  bin:
    crc32: bin/crc32.njs
  checksum: 10c0/11dcf4a2e77ee793835d49f2c028838eae58b44f50d1ff08394a610bfd817523f105d6ae4d9b5bef0aad45510f633eb23c903e9902e4409bed1ce70cb82b9bf0
  languageName: node
  linkType: hard

"crc32-stream@npm:^7.0.1":
  version: 7.0.1
  resolution: "crc32-stream@npm:7.0.1"
  dependencies:
    crc-32: "npm:^1.2.0"
    readable-stream: "npm:^4.0.0"
  checksum: 10c0/0d8d217ca4f328bba859a6bef8593028d24841bef2fe4dc44ae892c7cace4301ce6d5676b568642ddb0a709ee3f0f7af1d1ada4c9c399bc5a4ff9b93d5d1071d
  languageName: node
  linkType: hard

"cross-spawn@npm:^7.0.6":
  version: 7.0.6
  resolution: "cross-spawn@npm:7.0.6"
  dependencies:
    path-key: "npm:^3.1.0"
    shebang-command: "npm:^2.0.0"
    which: "npm:^2.0.1"
  checksum: 10c0/053ea8b2135caff68a9e81470e845613e374e7309a47731e81639de3eaeb90c3d01af0e0b44d2ab9d50b43467223b88567dfeb3262db942dc063b9976718ffc1
  languageName: node
  linkType: hard

"debug@npm:^4.3.4":
  version: 4.4.3
  resolution: "debug@npm:4.4.3"
  dependencies:
    ms: "npm:^2.1.3"
  peerDependenciesMeta:
    supports-color:
      optional: true
  checksum: 10c0/d79136ec6c83ecbefd0f6a5593da6a9c91ec4d7ddc4b54c883d6e71ec9accb5f67a1a5e96d00a328196b5b5c86d365e98d8a3a70856aaf16b4e7b1985e67f5a6
  languageName: node
  linkType: hard

"dotenv-cli@npm:^10.0.0":
  version: 10.0.0
  resolution: "dotenv-cli@npm:10.0.0"
  dependencies:
    cross-spawn: "npm:^7.0.6"
    dotenv: "npm:^17.1.0"
    dotenv-expand: "npm:^11.0.0"
    minimist: "npm:^1.2.6"
  bin:
    dotenv: cli.js
  checksum: 10c0/c469e65167fc3d1ef7bc6f90c8b7a0accd245ad1cdb73da8c72b32ddb308550dc4d5bfcdae964ab1f8a247957d756afc7b050d0f88fa5868c05ff6d3dfb4c1ba
  languageName: node
  linkType: hard

"dotenv-expand@npm:^11.0.0":
  version: 11.0.7
  resolution: "dotenv-expand@npm:11.0.7"
  dependencies:
    dotenv: "npm:^16.4.5"
  checksum: 10c0/d80b8a7be085edf351270b96ac0e794bc3ddd7f36157912939577cb4d33ba6492ebee349d59798b71b90e36f498d24a2a564fb4aa00073b2ef4c2a3a49c467b1
  languageName: node
  linkType: hard

"dotenv@npm:^16.4.5":
  version: 16.6.1
  resolution: "dotenv@npm:16.6.1"
  checksum: 10c0/15ce56608326ea0d1d9414a5c8ee6dcf0fffc79d2c16422b4ac2268e7e2d76ff5a572d37ffe747c377de12005f14b3cc22361e79fc7f1061cce81f77d2c973dc
  languageName: node
  linkType: hard

"dotenv@npm:^17.1.0":
  version: 17.4.2
  resolution: "dotenv@npm:17.4.2"
  checksum: 10c0/164f8e77a646c8446867d5b588d26ea6005c8ea7c5eb41cf926f6113d23f2191355f6e0cfd95ea9bab98394a5b0a3f1e51a8399711b666fe55cc7b0bd745f942
  languageName: node
  linkType: hard

"esbuild@npm:0.28.2":
  version: 0.28.2
  resolution: "esbuild@npm:0.28.2"
  dependencies:
    "@esbuild/aix-ppc64": "npm:0.28.2"
    "@esbuild/android-arm": "npm:0.28.2"
    "@esbuild/android-arm64": "npm:0.28.2"
    "@esbuild/android-x64": "npm:0.28.2"
    "@esbuild/darwin-arm64": "npm:0.28.2"
    "@esbuild/darwin-x64": "npm:0.28.2"
    "@esbuild/freebsd-arm64": "npm:0.28.2"
    "@esbuild/freebsd-x64": "npm:0.28.2"
    "@esbuild/linux-arm": "npm:0.28.2"
    "@esbuild/linux-arm64": "npm:0.28.2"
    "@esbuild/linux-ia32": "npm:0.28.2"
    "@esbuild/linux-loong64": "npm:0.28.2"
    "@esbuild/linux-mips64el": "npm:0.28.2"
    "@esbuild/linux-ppc64": "npm:0.28.2"
    "@esbuild/linux-riscv64": "npm:0.28.2"
    "@esbuild/linux-s390x": "npm:0.28.2"
    "@esbuild/linux-x64": "npm:0.28.2"
    "@esbuild/netbsd-arm64": "npm:0.28.2"
    "@esbuild/netbsd-x64": "npm:0.28.2"
    "@esbuild/openbsd-arm64": "npm:0.28.2"
    "@esbuild/openbsd-x64": "npm:0.28.2"
    "@esbuild/openharmony-arm64": "npm:0.28.2"
    "@esbuild/sunos-x64": "npm:0.28.2"
    "@esbuild/win32-arm64": "npm:0.28.2"
    "@esbuild/win32-ia32": "npm:0.28.2"
    "@esbuild/win32-x64": "npm:0.28.2"
  dependenciesMeta:
    "@esbuild/aix-ppc64":
      optional: true
    "@esbuild/android-arm":
      optional: true
    "@esbuild/android-arm64":
      optional: true
    "@esbuild/android-x64":
      optional: true
    "@esbuild/darwin-arm64":
      optional: true
    "@esbuild/darwin-x64":
      optional: true
    "@esbuild/freebsd-arm64":
      optional: true
    "@esbuild/freebsd-x64":
      optional: true
    "@esbuild/linux-arm":
      optional: true
    "@esbuild/linux-arm64":
      optional: true
    "@esbuild/linux-ia32":
      optional: true
    "@esbuild/linux-loong64":
      optional: true
    "@esbuild/linux-mips64el":
      optional: true
    "@esbuild/linux-ppc64":
      optional: true
    "@esbuild/linux-riscv64":
      optional: true
    "@esbuild/linux-s390x":
      optional: true
    "@esbuild/linux-x64":
      optional: true
    "@esbuild/netbsd-arm64":
      optional: true
    "@esbuild/netbsd-x64":
      optional: true
    "@esbuild/openbsd-arm64":
      optional: true
    "@esbuild/openbsd-x64":
      optional: true
    "@esbuild/openharmony-arm64":
      optional: true
    "@esbuild/sunos-x64":
      optional: true
    "@esbuild/win32-arm64":
      optional: true
    "@esbuild/win32-ia32":
      optional: true
    "@esbuild/win32-x64":
      optional: true
  bin:
    esbuild: bin/esbuild
  checksum: 10c0/9b19edb63bd7780fd2e8e65a1394a0e8a05a17d697f73f0647ffe3c134709d8dbe744ab3fd57b35c9470db268cae7678fafd3dcd3ce1f34fc590568c2433f5d2
  languageName: node
  linkType: hard

"event-target-shim@npm:^5.0.0":
  version: 5.0.1
  resolution: "event-target-shim@npm:5.0.1"
  checksum: 10c0/0255d9f936215fd206156fd4caa9e8d35e62075d720dc7d847e89b417e5e62cf1ce6c9b4e0a1633a9256de0efefaf9f8d26924b1f3c8620cffb9db78e7d3076b
  languageName: node
  linkType: hard

"events-universal@npm:^1.0.0":
  version: 1.0.1
  resolution: "events-universal@npm:1.0.1"
  dependencies:
    bare-events: "npm:^2.7.0"
  checksum: 10c0/a1d9a5e9f95843650f8ec240dd1221454c110189a9813f32cdf7185759b43f1f964367ac7dca4ebc69150b59043f2d77c7e122b0d03abf7c25477ea5494785a5
  languageName: node
  linkType: hard

"events@npm:^3.3.0":
  version: 3.3.0
  resolution: "events@npm:3.3.0"
  checksum: 10c0/d6b6f2adbccbcda74ddbab52ed07db727ef52e31a61ed26db9feb7dc62af7fc8e060defa65e5f8af9449b86b52cc1a1f6a79f2eafcf4e62add2b7a1fa4a432f6
  languageName: node
  linkType: hard

"fast-fifo@npm:^1.3.2":
  version: 1.3.2
  resolution: "fast-fifo@npm:1.3.2"
  checksum: 10c0/d53f6f786875e8b0529f784b59b4b05d4b5c31c651710496440006a398389a579c8dbcd2081311478b5bf77f4b0b21de69109c5a4eabea9d8e8783d1eb864e4c
  languageName: node
  linkType: hard

"fs-minipass@npm:^3.0.0":
  version: 3.0.3
  resolution: "fs-minipass@npm:3.0.3"
  dependencies:
    minipass: "npm:^7.0.3"
  checksum: 10c0/63e80da2ff9b621e2cb1596abcb9207f1cf82b968b116ccd7b959e3323144cce7fb141462200971c38bbf2ecca51695069db45265705bed09a7cd93ae5b89f94
  languageName: node
  linkType: hard

"glob@npm:^13.0.0":
  version: 13.0.6
  resolution: "glob@npm:13.0.6"
  dependencies:
    minimatch: "npm:^10.2.2"
    minipass: "npm:^7.1.3"
    path-scurry: "npm:^2.0.2"
  checksum: 10c0/269c236f11a9b50357fe7a8c6aadac667e01deb5242b19c84975628f05f4438d8ee1354bb62c5d6c10f37fd59911b54d7799730633a2786660d8c69f1d18120a
  languageName: node
  linkType: hard

"http-cache-semantics@npm:^4.1.1":
  version: 4.3.0
  resolution: "http-cache-semantics@npm:4.3.0"
  checksum: 10c0/b9668e271b4a99cba067bfa6f286b12eff1408a24e090ca16f0f5fa826ac07f67b4b8c7aa6e7458596d890683f3c172f647a00ca516a8f0158c80d7e4ebe0316
  languageName: node
  linkType: hard

"http-proxy-agent@npm:^9.0.0":
  version: 9.1.0
  resolution: "http-proxy-agent@npm:9.1.0"
  dependencies:
    agent-base: "npm:9.0.0"
    debug: "npm:^4.3.4"
    proxy-agent-negotiate: "npm:1.1.0"
  checksum: 10c0/1dff8eaef76b154545c1a7492fa01305dda393efba53d894f5fc45992d711fa4036bdc64a61e0bc76bb7531513a4f8ddcccdf81d1476ddcc9cbf621735d397e4
  languageName: node
  linkType: hard

"https-proxy-agent@npm:^9.0.0":
  version: 9.1.0
  resolution: "https-proxy-agent@npm:9.1.0"
  dependencies:
    agent-base: "npm:9.0.0"
    debug: "npm:^4.3.4"
    proxy-agent-negotiate: "npm:1.1.0"
  checksum: 10c0/95ca9504944e0b6d214f9da0b4d747512bf79187b4c6f69db667049bdcc43e2b67c7932ad2c4bd6952e99e83de9a7d42dafff63672d7898da297b2736f4b42bd
  languageName: node
  linkType: hard

"iconv-lite@npm:^0.7.2":
  version: 0.7.3
  resolution: "iconv-lite@npm:0.7.3"
  dependencies:
    safer-buffer: "npm:>= 2.1.2 < 3.0.0"
  checksum: 10c0/be2fd2414f7e94be3a63063fa0ad5919c16bc7b6e00c77eea0765ced6db405739f38dd51016583058fba25cc1d0106ba30b83fbb7a7e32f824d4db76f23d8d33
  languageName: node
  linkType: hard

"ieee754@npm:^1.2.1":
  version: 1.2.1
  resolution: "ieee754@npm:1.2.1"
  checksum: 10c0/b0782ef5e0935b9f12883a2e2aa37baa75da6e66ce6515c168697b42160807d9330de9a32ec1ed73149aea02e0d822e572bca6f1e22bdcbd2149e13b050b17bb
  languageName: node
  linkType: hard

"import-meta-resolve@npm:4.2.0":
  version: 4.2.0
  resolution: "import-meta-resolve@npm:4.2.0"
  checksum: 10c0/3ee8aeecb61d19b49d2703987f977e9d1c7d4ba47db615a570eaa02fe414f40dfa63f7b953e842cbe8470d26df6371332bfcf21b2fd92b0112f9fea80dde2c4c
  languageName: node
  linkType: hard

"inherits@npm:~2.0.3":
  version: 2.0.4
  resolution: "inherits@npm:2.0.4"
  checksum: 10c0/4e531f648b29039fb7426fb94075e6545faa1eb9fe83c29f0b6d9e7263aceb4289d2d4557db0d428188eeb449cc7c5e77b0a0b2c4e248ff2a65933a0dee49ef2
  languageName: node
  linkType: hard

"ip-address@npm:^10.1.1":
  version: 10.7.3
  resolution: "ip-address@npm:10.7.3"
  checksum: 10c0/145d9848f315a0375437d206dee763e2dd654063e8c5d6270a329e249cfad30b4ae760b237bb1991abfe67276f542310a89fca891ddf76f934e397e0dda1bf3b
  languageName: node
  linkType: hard

"is-stream@npm:^4.0.0":
  version: 4.0.1
  resolution: "is-stream@npm:4.0.1"
  checksum: 10c0/2706c7f19b851327ba374687bc4a3940805e14ca496dc672b9629e744d143b1ad9c6f1b162dece81c7bfbc0f83b32b61ccc19ad2e05aad2dd7af347408f60c7f
  languageName: node
  linkType: hard

"isarray@npm:~1.0.0":
  version: 1.0.0
  resolution: "isarray@npm:1.0.0"
  checksum: 10c0/18b5be6669be53425f0b84098732670ed4e727e3af33bc7f948aac01782110eb9a18b3b329c5323bcdd3acdaae547ee077d3951317e7f133bff7105264b3003d
  languageName: node
  linkType: hard

"isexe@npm:^2.0.0":
  version: 2.0.0
  resolution: "isexe@npm:2.0.0"
  checksum: 10c0/228cfa503fadc2c31596ab06ed6aa82c9976eec2bfd83397e7eaf06d0ccf42cd1dfd6743bf9aeb01aebd4156d009994c5f76ea898d2832c1fe342da923ca457d
  languageName: node
  linkType: hard

"laa-inquests-external-ui-gatling@workspace:.":
  version: 0.0.0-use.local
  resolution: "laa-inquests-external-ui-gatling@workspace:."
  dependencies:
    "@gatling.io/cli": "npm:3.16.1"
    "@gatling.io/core": "npm:3.16.1"
    "@gatling.io/http": "npm:3.16.1"
    dotenv-cli: "npm:^10.0.0"
    typescript: "npm:^6.0.3"
  languageName: unknown
  linkType: soft

"lazystream@npm:^1.0.0":
  version: 1.0.1
  resolution: "lazystream@npm:1.0.1"
  dependencies:
    readable-stream: "npm:^2.0.5"
  checksum: 10c0/ea4e509a5226ecfcc303ba6782cc269be8867d372b9bcbd625c88955df1987ea1a20da4643bf9270336415a398d33531ebf0d5f0d393b9283dc7c98bfcbd7b69
  languageName: node
  linkType: hard

"lru-cache@npm:^11.0.0, lru-cache@npm:^11.1.0, lru-cache@npm:^11.2.1":
  version: 11.5.3
  resolution: "lru-cache@npm:11.5.3"
  checksum: 10c0/2ad9bce6343a3544a1fd15364d8b35609aa52b2593d21fdc4877cabfe003b0f3deca4f9d6e9d13262f06e9e3d159de45c0a2f3edfc3adb46192333b5f146d8ed
  languageName: node
  linkType: hard

"make-fetch-happen@npm:16.0.1":
  version: 16.0.1
  resolution: "make-fetch-happen@npm:16.0.1"
  dependencies:
    "@gar/promise-retry": "npm:^1.0.0"
    "@npmcli/agent": "npm:^5.0.0"
    "@npmcli/redact": "npm:^5.0.0"
    cacache: "npm:^21.0.0"
    http-cache-semantics: "npm:^4.1.1"
    minipass: "npm:^7.0.2"
    minipass-fetch: "npm:^6.0.0"
    minipass-flush: "npm:^1.0.5"
    minipass-pipeline: "npm:^1.2.4"
    negotiator: "npm:^1.0.0"
    proc-log: "npm:^7.0.0"
    ssri: "npm:^14.0.0"
  checksum: 10c0/5863bd6b4d48c49313c20823d1efd958f9c6e9d77db0029fcb8446458832ec028f01c5927fea8ffa91b5b50ac135623588874d5f8212e3e36b7c8ffc52878b99
  languageName: node
  linkType: hard

"minimatch@npm:^10.2.2":
  version: 10.2.6
  resolution: "minimatch@npm:10.2.6"
  dependencies:
    brace-expansion: "npm:^5.0.8"
  checksum: 10c0/4559a836243b98bd4d17ea9f7edae698717c76399eea7be374f3737f33164e4907f19e9726891ddeb122f750a5a7fa80d2ac43e851d6e5984dc4ff42ec127d3a
  languageName: node
  linkType: hard

"minimist@npm:^1.2.6":
  version: 1.2.8
  resolution: "minimist@npm:1.2.8"
  checksum: 10c0/19d3fcdca050087b84c2029841a093691a91259a47def2f18222f41e7645a0b7c44ef4b40e88a1e58a40c84d2ef0ee6047c55594d298146d0eb3f6b737c20ce6
  languageName: node
  linkType: hard

"minipass-collect@npm:^2.0.1":
  version: 2.0.1
  resolution: "minipass-collect@npm:2.0.1"
  dependencies:
    minipass: "npm:^7.0.3"
  checksum: 10c0/5167e73f62bb74cc5019594709c77e6a742051a647fe9499abf03c71dca75515b7959d67a764bdc4f8b361cf897fbf25e2d9869ee039203ed45240f48b9aa06e
  languageName: node
  linkType: hard

"minipass-fetch@npm:^6.0.0":
  version: 6.0.0
  resolution: "minipass-fetch@npm:6.0.0"
  dependencies:
    iconv-lite: "npm:^0.7.2"
    minipass: "npm:^7.0.3"
    minipass-sized: "npm:^2.0.0"
    minizlib: "npm:^3.0.1"
  dependenciesMeta:
    iconv-lite:
      optional: true
  checksum: 10c0/931e11c4ccce450d5607e8593b16bda794d82b16b754cb39b6b9b82e93babe816c2e33b27824feb1fb76ba06aa466ff7759a406406a3a354488910b3538c695a
  languageName: node
  linkType: hard

"minipass-flush@npm:^1.0.5":
  version: 1.0.7
  resolution: "minipass-flush@npm:1.0.7"
  dependencies:
    minipass: "npm:^3.0.0"
  checksum: 10c0/960915c02aa0991662c37c404517dd93708d17f96533b2ca8c1e776d158715d8107c5ced425ffc61674c167d93607f07f48a83c139ce1057f8781e5dfb4b90c2
  languageName: node
  linkType: hard

"minipass-pipeline@npm:^1.2.4":
  version: 1.2.4
  resolution: "minipass-pipeline@npm:1.2.4"
  dependencies:
    minipass: "npm:^3.0.0"
  checksum: 10c0/cbda57cea20b140b797505dc2cac71581a70b3247b84480c1fed5ca5ba46c25ecc25f68bfc9e6dcb1a6e9017dab5c7ada5eab73ad4f0a49d84e35093e0c643f2
  languageName: node
  linkType: hard

"minipass-sized@npm:^2.0.0":
  version: 2.0.0
  resolution: "minipass-sized@npm:2.0.0"
  dependencies:
    minipass: "npm:^7.1.2"
  checksum: 10c0/f9201696a6f6d68610d04c9c83e3d2e5cb9c026aae1c8cbf7e17f386105cb79c1bb088dbc21bf0b1eb4f3fb5df384fd1e7aa3bf1f33868c416ae8c8a92679db8
  languageName: node
  linkType: hard

"minipass@npm:^3.0.0":
  version: 3.3.6
  resolution: "minipass@npm:3.3.6"
  dependencies:
    yallist: "npm:^4.0.0"
  checksum: 10c0/a114746943afa1dbbca8249e706d1d38b85ed1298b530f5808ce51f8e9e941962e2a5ad2e00eae7dd21d8a4aae6586a66d4216d1a259385e9d0358f0c1eba16c
  languageName: node
  linkType: hard

"minipass@npm:^7.0.2, minipass@npm:^7.0.3, minipass@npm:^7.1.2, minipass@npm:^7.1.3":
  version: 7.1.3
  resolution: "minipass@npm:7.1.3"
  checksum: 10c0/539da88daca16533211ea5a9ee98dc62ff5742f531f54640dd34429e621955e91cc280a91a776026264b7f9f6735947629f920944e9c1558369e8bf22eb33fbb
  languageName: node
  linkType: hard

"minizlib@npm:^3.0.1":
  version: 3.1.0
  resolution: "minizlib@npm:3.1.0"
  dependencies:
    minipass: "npm:^7.1.2"
  checksum: 10c0/5aad75ab0090b8266069c9aabe582c021ae53eb33c6c691054a13a45db3b4f91a7fb1bd79151e6b4e9e9a86727b522527c0a06ec7d45206b745d54cd3097bcec
  languageName: node
  linkType: hard

"ms@npm:^2.1.3":
  version: 2.1.3
  resolution: "ms@npm:2.1.3"
  checksum: 10c0/d924b57e7312b3b63ad21fc5b3dc0af5e78d61a1fc7cfb5457edaf26326bf62be5307cc87ffb6862ef1c2b33b0233cdb5d4f01c4c958cc0d660948b65a287a48
  languageName: node
  linkType: hard

"negotiator@npm:^1.0.0":
  version: 1.1.0
  resolution: "negotiator@npm:1.1.0"
  dependencies:
    content-type: "npm:^2.1.0"
  checksum: 10c0/656fa57de02f1a0c4c09f9e17eb78e8182547c07093e810ff8f16249b6ae31f2c546a3d457905e94f3276b25f0e2741ea1a3bc3912192932ed7e493adfea535e
  languageName: node
  linkType: hard

"node-stream-zip@npm:1.16.0":
  version: 1.16.0
  resolution: "node-stream-zip@npm:1.16.0"
  checksum: 10c0/3e201e39b42b46c2e543bd11c71821aa675a98d6cb4901840bd952281696599c9c29c630cd00e8da9bee4b02879fee2d0194a225b359d48a3bf966bdd63d8648
  languageName: node
  linkType: hard

"normalize-path@npm:^3.0.0":
  version: 3.0.0
  resolution: "normalize-path@npm:3.0.0"
  checksum: 10c0/e008c8142bcc335b5e38cf0d63cfd39d6cf2d97480af9abdbe9a439221fd4d749763bab492a8ee708ce7a194bb00c9da6d0a115018672310850489137b3da046
  languageName: node
  linkType: hard

"p-map@npm:^7.0.2":
  version: 7.0.8
  resolution: "p-map@npm:7.0.8"
  checksum: 10c0/1913c452dce4e17e87f7e91d998a191b9b44b97a81f5dd0c7154d2eb00179c41465f414fa23a5b2ef5644a4124cef348a88bbfc9cff6fd56551650a8c4ff1211
  languageName: node
  linkType: hard

"path-key@npm:^3.1.0":
  version: 3.1.1
  resolution: "path-key@npm:3.1.1"
  checksum: 10c0/748c43efd5a569c039d7a00a03b58eecd1d75f3999f5a28303d75f521288df4823bc057d8784eb72358b2895a05f29a070bc9f1f17d28226cc4e62494cc58c4c
  languageName: node
  linkType: hard

"path-scurry@npm:^2.0.2":
  version: 2.0.2
  resolution: "path-scurry@npm:2.0.2"
  dependencies:
    lru-cache: "npm:^11.0.0"
    minipass: "npm:^7.1.2"
  checksum: 10c0/b35ad37cf6557a87fd057121ce2be7695380c9138d93e87ae928609da259ea0a170fac6f3ef1eb3ece8a068e8b7f2f3adf5bb2374cf4d4a57fe484954fcc9482
  languageName: node
  linkType: hard

"proc-log@npm:^7.0.0":
  version: 7.0.0
  resolution: "proc-log@npm:7.0.0"
  checksum: 10c0/b89c2d862604f35fec795477b0c7e376feab3ba0d4f4d291c4e959567442697cf451ac557d0623c1cc38af45a78128b983410f397a10c5d3a67f76c33de4754b
  languageName: node
  linkType: hard

"process-nextick-args@npm:~2.0.0":
  version: 2.0.1
  resolution: "process-nextick-args@npm:2.0.1"
  checksum: 10c0/bec089239487833d46b59d80327a1605e1c5287eaad770a291add7f45fda1bb5e28b38e0e061add0a1d0ee0984788ce74fa394d345eed1c420cacf392c554367
  languageName: node
  linkType: hard

"process@npm:^0.11.10":
  version: 0.11.10
  resolution: "process@npm:0.11.10"
  checksum: 10c0/40c3ce4b7e6d4b8c3355479df77aeed46f81b279818ccdc500124e6a5ab882c0cc81ff7ea16384873a95a74c4570b01b120f287abbdd4c877931460eca6084b3
  languageName: node
  linkType: hard

"proxy-agent-negotiate@npm:1.1.0":
  version: 1.1.0
  resolution: "proxy-agent-negotiate@npm:1.1.0"
  peerDependencies:
    kerberos: ^2.0.0
  peerDependenciesMeta:
    kerberos:
      optional: true
  checksum: 10c0/e1c89e46b739a790335555c8182ed919f6fa16ca244cd4c01a9806a1c471af785b3beff8bd8a891422bedfffb0f43115333d98ad426f9bc82e7cd20c6a15ceb0
  languageName: node
  linkType: hard

"readable-stream@npm:^2.0.5":
  version: 2.3.8
  resolution: "readable-stream@npm:2.3.8"
  dependencies:
    core-util-is: "npm:~1.0.0"
    inherits: "npm:~2.0.3"
    isarray: "npm:~1.0.0"
    process-nextick-args: "npm:~2.0.0"
    safe-buffer: "npm:~5.1.1"
    string_decoder: "npm:~1.1.1"
    util-deprecate: "npm:~1.0.1"
  checksum: 10c0/7efdb01f3853bc35ac62ea25493567bf588773213f5f4a79f9c365e1ad13bab845ac0dae7bc946270dc40c3929483228415e92a3fc600cc7e4548992f41ee3fa
  languageName: node
  linkType: hard

"readable-stream@npm:^4.0.0":
  version: 4.7.0
  resolution: "readable-stream@npm:4.7.0"
  dependencies:
    abort-controller: "npm:^3.0.0"
    buffer: "npm:^6.0.3"
    events: "npm:^3.3.0"
    process: "npm:^0.11.10"
    string_decoder: "npm:^1.3.0"
  checksum: 10c0/fd86d068da21cfdb10f7a4479f2e47d9c0a9b0c862fc0c840a7e5360201580a55ac399c764b12a4f6fa291f8cee74d9c4b7562e0d53b3c4b2769f2c98155d957
  languageName: node
  linkType: hard

"readdir-glob@npm:^3.0.0":
  version: 3.0.0
  resolution: "readdir-glob@npm:3.0.0"
  dependencies:
    minimatch: "npm:^10.2.2"
  checksum: 10c0/9a358c8347b4db2a1f72168da67f7ef8d9ccd51f7fdaa127eed8170a1025e97942705f827b0b45e6fdc0e40f04d0859ba75c3d471ee1fcc9e2cfb9fc81606989
  languageName: node
  linkType: hard

"readline-sync@npm:1.4.10":
  version: 1.4.10
  resolution: "readline-sync@npm:1.4.10"
  checksum: 10c0/0a4d0fe4ad501f8f005a3c9cbf3cc0ae6ca2ced93e9a1c7c46f226bdfcb6ef5d3f437ae7e9d2e1098ee13524a3739c830e4c8dbc7f543a693eecd293e41093a3
  languageName: node
  linkType: hard

"safe-buffer@npm:~5.1.0, safe-buffer@npm:~5.1.1":
  version: 5.1.2
  resolution: "safe-buffer@npm:5.1.2"
  checksum: 10c0/780ba6b5d99cc9a40f7b951d47152297d0e260f0df01472a1b99d4889679a4b94a13d644f7dbc4f022572f09ae9005fa2fbb93bbbd83643316f365a3e9a45b21
  languageName: node
  linkType: hard

"safe-buffer@npm:~5.2.0":
  version: 5.2.1
  resolution: "safe-buffer@npm:5.2.1"
  checksum: 10c0/6501914237c0a86e9675d4e51d89ca3c21ffd6a31642efeba25ad65720bce6921c9e7e974e5be91a786b25aa058b5303285d3c15dbabf983a919f5f630d349f3
  languageName: node
  linkType: hard

"safer-buffer@npm:>= 2.1.2 < 3.0.0":
  version: 2.1.2
  resolution: "safer-buffer@npm:2.1.2"
  checksum: 10c0/7e3c8b2e88a1841c9671094bbaeebd94448111dd90a81a1f606f3f67708a6ec57763b3b47f06da09fc6054193e0e6709e77325415dc8422b04497a8070fa02d4
  languageName: node
  linkType: hard

"semver@npm:^7.3.5":
  version: 7.8.5
  resolution: "semver@npm:7.8.5"
  bin:
    semver: bin/semver.js
  checksum: 10c0/b1f3127a5be8125a94f37188b361c212466c292c6910adce3ec106cff5dc211ccaedc4739c11bb70fda59d6fc1f040a9bca289f4e093451521a2372e5231fe0c
  languageName: node
  linkType: hard

"shebang-command@npm:^2.0.0":
  version: 2.0.0
  resolution: "shebang-command@npm:2.0.0"
  dependencies:
    shebang-regex: "npm:^3.0.0"
  checksum: 10c0/a41692e7d89a553ef21d324a5cceb5f686d1f3c040759c50aab69688634688c5c327f26f3ecf7001ebfd78c01f3c7c0a11a7c8bfd0a8bc9f6240d4f40b224e4e
  languageName: node
  linkType: hard

"shebang-regex@npm:^3.0.0":
  version: 3.0.0
  resolution: "shebang-regex@npm:3.0.0"
  checksum: 10c0/1dbed0726dd0e1152a92696c76c7f06084eb32a90f0528d11acd764043aacf76994b2fb30aa1291a21bd019d6699164d048286309a278855ee7bec06cf6fb690
  languageName: node
  linkType: hard

"smart-buffer@npm:^4.2.0":
  version: 4.2.0
  resolution: "smart-buffer@npm:4.2.0"
  checksum: 10c0/a16775323e1404dd43fabafe7460be13a471e021637bc7889468eb45ce6a6b207261f454e4e530a19500cc962c4cc5348583520843b363f4193cee5c00e1e539
  languageName: node
  linkType: hard

"socks-proxy-agent@npm:^10.0.0":
  version: 10.1.0
  resolution: "socks-proxy-agent@npm:10.1.0"
  dependencies:
    agent-base: "npm:9.0.0"
    debug: "npm:^4.3.4"
    socks: "npm:^2.8.3"
  checksum: 10c0/48125e2bb3c14796110bf8ab7d84c4db1ad950ad3360e32199cb7524365a84c1ea9c513976701724b7ed182ed6fc32f1740d37756ef618d377cb8533b76f250a
  languageName: node
  linkType: hard

"socks@npm:^2.8.3":
  version: 2.8.10
  resolution: "socks@npm:2.8.10"
  dependencies:
    ip-address: "npm:^10.1.1"
    smart-buffer: "npm:^4.2.0"
  checksum: 10c0/9ac7f4329ed064585975206d9582119a1f168b249dd6119a939f839e0ea7a590d4fdccff9a4112f13b478177207959096f70224f021eaeb3ce69bc8129f80ef4
  languageName: node
  linkType: hard

"ssri@npm:^14.0.0":
  version: 14.0.0
  resolution: "ssri@npm:14.0.0"
  dependencies:
    minipass: "npm:^7.0.3"
  checksum: 10c0/fa2bc2cd23a0c02de7af34ae6f62575b4c6bae3bb03c819fa1dfc5cde133f1246fc49bb6f4a167095a9818226d10480ec48ae3f26694918d15c369d0afa9e919
  languageName: node
  linkType: hard

"streamx@npm:^2.12.5, streamx@npm:^2.25.0, streamx@npm:^2.28.1":
  version: 2.28.1
  resolution: "streamx@npm:2.28.1"
  dependencies:
    events-universal: "npm:^1.0.0"
    fast-fifo: "npm:^1.3.2"
    text-decoder: "npm:^1.1.0"
  checksum: 10c0/90871d76712ad9e00f555ffcb0d33bcbf6823cc2237e8868dcb30666ec76ae34157049042e3cd3251698278ebedf153291026eec7c87ad05c746178a35405f64
  languageName: node
  linkType: hard

"string_decoder@npm:^1.3.0":
  version: 1.3.0
  resolution: "string_decoder@npm:1.3.0"
  dependencies:
    safe-buffer: "npm:~5.2.0"
  checksum: 10c0/810614ddb030e271cd591935dcd5956b2410dd079d64ff92a1844d6b7588bf992b3e1b69b0f4d34a3e06e0bd73046ac646b5264c1987b20d0601f81ef35d731d
  languageName: node
  linkType: hard

"string_decoder@npm:~1.1.1":
  version: 1.1.1
  resolution: "string_decoder@npm:1.1.1"
  dependencies:
    safe-buffer: "npm:~5.1.0"
  checksum: 10c0/b4f89f3a92fd101b5653ca3c99550e07bdf9e13b35037e9e2a1c7b47cec4e55e06ff3fc468e314a0b5e80bfbaf65c1ca5a84978764884ae9413bec1fc6ca924e
  languageName: node
  linkType: hard

"tar-stream@npm:^3.0.0":
  version: 3.2.2
  resolution: "tar-stream@npm:3.2.2"
  dependencies:
    b4a: "npm:^1.9.0"
    bare-fs: "npm:^4.8.2"
    fast-fifo: "npm:^1.3.2"
    streamx: "npm:^2.28.1"
  checksum: 10c0/58b6774bb76308d76688b9d84ce31bbdd567b1616704a0aab5cc81b8e4cd629f8759697e2e33e34e728b8f96bc76d1b45436da268d8948b63ee0ff17f671eaf4
  languageName: node
  linkType: hard

"teex@npm:^1.0.1":
  version: 1.0.1
  resolution: "teex@npm:1.0.1"
  dependencies:
    streamx: "npm:^2.12.5"
  checksum: 10c0/8df9166c037ba694b49d32a49858e314c60e513d55ac5e084dbf1ddbb827c5fa43cc389a81e87684419c21283308e9d68bb068798189c767ec4c252f890b8a77
  languageName: node
  linkType: hard

"text-decoder@npm:^1.1.0":
  version: 1.2.7
  resolution: "text-decoder@npm:1.2.7"
  dependencies:
    b4a: "npm:^1.6.4"
  checksum: 10c0/929938ed154fbadb660a7f3d1aca30b7e53649a731af7583168fcfba0c158046325d35d945926e2a512bb62d1a49a7818151c987ea38b48853f01e1615722fc5
  languageName: node
  linkType: hard

"typescript@npm:^6.0.3":
  version: 6.0.3
  resolution: "typescript@npm:6.0.3"
  bin:
    tsc: bin/tsc
    tsserver: bin/tsserver
  checksum: 10c0/4a25ff5045b984370f48f196b3a0120779b1b343d40b9a68d114ea5e5fff099809b2bb777576991a63a5cd59cf7bffd96ff6fe10afcefbcb8bd6fb96ad4b6606
  languageName: node
  linkType: hard

"typescript@patch:typescript@npm%3A^6.0.3#optional!builtin<compat/typescript>":
  version: 6.0.3
  resolution: "typescript@patch:typescript@npm%3A6.0.3#optional!builtin<compat/typescript>::version=6.0.3&hash=5786d5"
  bin:
    tsc: bin/tsc
    tsserver: bin/tsserver
  checksum: 10c0/2f25c74e65663c248fa1ade2b8459d9ce5372ff9dad07067310f132966ebec1d93f6c42f0baf77a6b6a7a91460463f708e6887013aaade22111037457c6b25df
  languageName: node
  linkType: hard

"util-deprecate@npm:~1.0.1":
  version: 1.0.2
  resolution: "util-deprecate@npm:1.0.2"
  checksum: 10c0/41a5bdd214df2f6c3ecf8622745e4a366c4adced864bc3c833739791aeeeb1838119af7daed4ba36428114b5c67dcda034a79c882e97e43c03e66a4dd7389942
  languageName: node
  linkType: hard

"which@npm:^2.0.1":
  version: 2.0.2
  resolution: "which@npm:2.0.2"
  dependencies:
    isexe: "npm:^2.0.0"
  bin:
    node-which: ./bin/node-which
  checksum: 10c0/66522872a768b60c2a65a57e8ad184e5372f5b6a9ca6d5f033d4b0dc98aff63995655a7503b9c0a2598936f532120e81dd8cc155e2e92ed662a2b9377cc4374f
  languageName: node
  linkType: hard

"yallist@npm:^4.0.0":
  version: 4.0.0
  resolution: "yallist@npm:4.0.0"
  checksum: 10c0/2286b5e8dbfe22204ab66e2ef5cc9bbb1e55dfc873bbe0d568aa943eb255d131890dfd5bf243637273d31119b870f49c18fcde2c6ffbb7a7a092b870dc90625a
  languageName: node
  linkType: hard

"zip-stream@npm:^7.0.2":
  version: 7.0.5
  resolution: "zip-stream@npm:7.0.5"
  dependencies:
    compress-commons: "npm:^7.0.0"
    normalize-path: "npm:^3.0.0"
    readable-stream: "npm:^4.0.0"
  checksum: 10c0/e1669e17031c3c7243cb9014eacfaa66f4cd2e0d613a57dbee9caf7122ae869f8b2ea2e5891b5d9eee2897060c01db048b9b2a544ba83e227f6c162905282e48
  languageName: node
  linkType: hard
